
Microsoft Visual Studio Solution File, Format Version 12.00
# Visual Studio Version 16
VisualStudioVersion = 16.0.29418.71
MinimumVisualStudioVersion = 10.0.40219.1
Project("{FAE04EC0-301F-11D3-BF4B-00C04F79EFBC}") = "Expander", "Expander.csproj", "{288AC825-8131-4362-9888-0A883F34AB87}"
EndProject
Global
	GlobalSection(SolutionConfigurationPlatforms) = preSolution
		Debug|Any CPU = Debug|Any CPU
		Release|Any CPU = Release|Any CPU
	EndGlobalSection
	GlobalSection(ProjectConfigurationPlatforms) = postSolution
		{288AC825-8131-4362-9888-0A883F34AB87}.Debug|Any CPU.ActiveCfg = Debug|Any CPU
		{288AC825-8131-4362-9888-0A883F34AB87}.Debug|Any CPU.Build.0 = Debug|Any CPU
		{288AC825-8131-4362-9888-0A883F34AB87}.Release|Any CPU.ActiveCfg = Release|Any CPU
		{288AC825-8131-4362-9888-0A883F34AB87}.Release|Any CPU.Build.0 = Release|Any CPU
	EndGlobalSection
	GlobalSection(SolutionProperties) = preSolution
		HideSolutionNode = FALSE
	EndGlobalSection
	GlobalSection(ExtensibilityGlobals) = postSolution
		SolutionGuid = {174AAFF4-DEDA-4B66-9017-F7125AC8E8DF}
	EndGlobalSection
EndGlobal
